# This file is automatically @generated by Cargo.
# It is not intended for manual editing.
version = 4

[[package]]
name = "byteset"
version = "1.1.0"
dependencies = [
 "lolevel",
 "utf8next",
]

[[package]]
name = "lolevel"
version = "0.1.0"
source = "registry+https://github.com/rust-lang/crates.io-index"
checksum = "074c1e3995472a19e9120914d64936dc8f288938959d1ae62a2e49d14496cd0d"

[[package]]
name = "utf8next"
version = "1.0.0"
source = "registry+https://github.com/rust-lang/crates.io-index"
checksum = "d157fd43313b7e6e5a670cada04d3a74eef0d331b7a63402a3f18df05de7d691"
